<?xml version="1.0" encoding="UTF-8" standalone="yes" ?>
<CodeBlocks_project_file>
	<FileVersion major="1" minor="6" />
	<Project>
		<Option title="Shapes" />
		<Option pch_mode="2" />
		<Option compiler="gcc" />
		<Build>
			<Target title="Debug">
				<Option output="bin/Debug/Shapes" prefix_auto="1" extension_auto="1" />
				<Option object_output="obj/Debug/" />
				<Option type="1" />
				<Option compiler="gcc" />
				<Compiler>
					<Add option="-g" />
					<Add directory="include" />
				</Compiler>
			</Target>
			<Target title="Release">
				<Option output="bin/Release/Shapes" prefix_auto="1" extension_auto="1" />
				<Option object_output="obj/Release/" />
				<Option type="1" />
				<Option compiler="gcc" />
				<Compiler>
					<Add option="-O2" />
					<Add directory="include" />
				</Compiler>
				<Linker>
					<Add option="-s" />
					<Add library="../cppunitlite/libCppUnitLite.a" />
				</Linker>
			</Target>
			<Target title="[Source]Debug">
				<Option output="bin/Debug/Shapes" prefix_auto="1" extension_auto="1" />
				<Option object_output="obj/Debug/" />
				<Option type="1" />
				<Option compiler="gcc" />
				<Compiler>
					<Add option="-g" />
					<Add directory="include" />
				</Compiler>
			</Target>
			<Target title="[Source]Release">
				<Option output="bin/Release/Shapes" prefix_auto="1" extension_auto="1" />
				<Option object_output="obj/Release/" />
				<Option type="1" />
				<Option compiler="gcc" />
				<Compiler>
					<Add option="-O2" />
					<Add directory="include" />
				</Compiler>
				<Linker>
					<Add option="-s" />
					<Add library="../cppunitlite/libCppUnitLite.a" />
				</Linker>
			</Target>
		</Build>
		<Compiler>
			<Add option="-Wall" />
			<Add option="-fexceptions" />
		</Compiler>
		<Unit filename="include/Command.h">
			<Option target="[Source]Release" />
			<Option target="Release" />
		</Unit>
		<Unit filename="include/CommandManager.h">
			<Option target="[Source]Release" />
			<Option target="Release" />
		</Unit>
		<Unit filename="include/Document.h" />
		<Unit filename="include/Media.h" />
		<Unit filename="include/MediaBuilder.h" />
		<Unit filename="include/MediaDirector.h" />
		<Unit filename="include/MediaVisitor.h" />
		<Unit filename="include/Parser.h" />
		<Unit filename="include/Shapes.h" />
		<Unit filename="include/Text.h" />
		<Unit filename="include/conio.h" />
		<Unit filename="include/utHw4.h" />
		<Unit filename="include/utHw5.h" />
		<Unit filename="include/utHw6.h">
			<Option target="Debug" />
			<Option target="Release" />
		</Unit>
		<Unit filename="include/utHw7.h">
			<Option target="Debug" />
			<Option target="Release" />
		</Unit>
		<Unit filename="include/utShapes.h" />
		<Unit filename="src/main.cpp">
			<Option target="Debug" />
			<Option target="Release" />
		</Unit>
		<Unit filename="src/source.main.cpp">
			<Option target="[Source]Debug" />
			<Option target="[Source]Release" />
		</Unit>
		<Extensions>
			<code_completion />
			<envvars />
			<debugger />
			<lib_finder disable_auto="1" />
		</Extensions>
	</Project>
</CodeBlocks_project_file>
